// !$*UTF8*$!
{
	archiveVersion = 1;
	classes = {
	};
	objectVersion = 46;
	objects = {

/* Begin PBXBuildFile section */
		8462408F1BEABBB800F272D5 /* Entitlements.plist in Resources */ = {isa = PBXBuildFile; fileRef = 8462408E1BEABBB800F272D5 /* Entitlements.plist */; };
		84F28A281CC13CC400529F53 /* Images-5.xcassets in Resources */ = {isa = PBXBuildFile; fileRef = 84F28A271CC13CC400529F53 /* Images-5.xcassets */; };
		AF3D9E0F1FA504CB0019432B /* CallCenterViewCell.xib in Resources */ = {isa = PBXBuildFile; fileRef = AF3D9E0D1FA504CB0019432B /* CallCenterViewCell.xib */; };
		AF3D9E131FA510E80019432B /* CLARO.png in Resources */ = {isa = PBXBuildFile; fileRef = AF3D9E101FA510E70019432B /* CLARO.png */; };
		AF3D9E141FA510E80019432B /* MOVISTAR.png in Resources */ = {isa = PBXBuildFile; fileRef = AF3D9E111FA510E80019432B /* MOVISTAR.png */; };
		AF3D9E151FA510E80019432B /* CNT.png in Resources */ = {isa = PBXBuildFile; fileRef = AF3D9E121FA510E80019432B /* CNT.png */; };
		AF3D9E181FA51A190019432B /* PerfilViewCell.swift in Sources */ = {isa = PBXBuildFile; fileRef = AF3D9E161FA51A190019432B /* PerfilViewCell.swift */; };
		AF3D9E191FA51A190019432B /* PerfilViewCell.xib in Resources */ = {isa = PBXBuildFile; fileRef = AF3D9E171FA51A190019432B /* PerfilViewCell.xib */; };
		AF3D9E1C1FA51D910019432B /* Perfil2ViewCell.swift in Sources */ = {isa = PBXBuildFile; fileRef = AF3D9E1A1FA51D910019432B /* Perfil2ViewCell.swift */; };
		AF3D9E1D1FA51D910019432B /* Perfil2ViewCell.xib in Resources */ = {isa = PBXBuildFile; fileRef = AF3D9E1B1FA51D910019432B /* Perfil2ViewCell.xib */; };
		AF3D9E201FA61F580019432B /* Perfil3ViewCell.swift in Sources */ = {isa = PBXBuildFile; fileRef = AF3D9E1E1FA61F580019432B /* Perfil3ViewCell.swift */; };
		AF3D9E211FA61F580019432B /* Perfil3ViewCell.xib in Resources */ = {isa = PBXBuildFile; fileRef = AF3D9E1F1FA61F580019432B /* Perfil3ViewCell.xib */; };
		AFD655D61F9D391000C8A5BD /* CallCenterController.swift in Sources */ = {isa = PBXBuildFile; fileRef = AFD655D11F9D390F00C8A5BD /* CallCenterController.swift */; };
		AFD655D71F9D391000C8A5BD /* SolicitudesTableController.swift in Sources */ = {isa = PBXBuildFile; fileRef = AFD655D21F9D390F00C8A5BD /* SolicitudesTableController.swift */; };
		AFD655D91F9D391000C8A5BD /* PerfilController.swift in Sources */ = {isa = PBXBuildFile; fileRef = AFD655D41F9D391000C8A5BD /* PerfilController.swift */; };
		AFD655DA1F9D391000C8A5BD /* CompletadaController.swift in Sources */ = {isa = PBXBuildFile; fileRef = AFD655D51F9D391000C8A5BD /* CompletadaController.swift */; };
		AFD6563D1F9D42E100C8A5BD /* CSMSVoz.swift in Sources */ = {isa = PBXBuildFile; fileRef = AFD656201F9D42DC00C8A5BD /* CSMSVoz.swift */; };
		AFD6563E1F9D42E100C8A5BD /* CEvaluacion.swift in Sources */ = {isa = PBXBuildFile; fileRef = AFD656211F9D42DC00C8A5BD /* CEvaluacion.swift */; };
		AFD6563F1F9D42E100C8A5BD /* CRuta.swift in Sources */ = {isa = PBXBuildFile; fileRef = AFD656221F9D42DC00C8A5BD /* CRuta.swift */; };
		AFD656431F9D42E100C8A5BD /* CCliente.swift in Sources */ = {isa = PBXBuildFile; fileRef = AFD656261F9D42DD00C8A5BD /* CCliente.swift */; };
		AFD656441F9D42E100C8A5BD /* CTelefono.swift in Sources */ = {isa = PBXBuildFile; fileRef = AFD656271F9D42DD00C8A5BD /* CTelefono.swift */; };
		AFD656461F9D42E100C8A5BD /* AppDelegate.swift in Sources */ = {isa = PBXBuildFile; fileRef = AFD656291F9D42DE00C8A5BD /* AppDelegate.swift */; };
		AFD656471F9D42E100C8A5BD /* beep.wav in Resources */ = {isa = PBXBuildFile; fileRef = AFD6562A1F9D42DE00C8A5BD /* beep.wav */; };
		AFD656481F9D42E100C8A5BD /* CTaxi.swift in Sources */ = {isa = PBXBuildFile; fileRef = AFD6562B1F9D42DE00C8A5BD /* CTaxi.swift */; };
		AFD6564A1F9D42E100C8A5BD /* claxon.mp3 in Resources */ = {isa = PBXBuildFile; fileRef = AFD6562D1F9D42DE00C8A5BD /* claxon.mp3 */; };
		AFD6564C1F9D42E100C8A5BD /* Solicitud.swift in Sources */ = {isa = PBXBuildFile; fileRef = AFD6562F1F9D42DF00C8A5BD /* Solicitud.swift */; };
		AFD6564F1F9D42E100C8A5BD /* CConductor.swift in Sources */ = {isa = PBXBuildFile; fileRef = AFD656321F9D42E000C8A5BD /* CConductor.swift */; };
		AFD6566E1FA1777500C8A5BD /* SolViewCell.swift in Sources */ = {isa = PBXBuildFile; fileRef = AFD6566B1FA1734300C8A5BD /* SolViewCell.swift */; };
		AFD6566F1FA1777500C8A5BD /* CallCenterViewCell.swift in Sources */ = {isa = PBXBuildFile; fileRef = AFD656641FA1734300C8A5BD /* CallCenterViewCell.swift */; };
		AFD656721FA17CD100C8A5BD /* ds_digital in Resources */ = {isa = PBXBuildFile; fileRef = AFD656711FA17CD000C8A5BD /* ds_digital */; };
		AFE16C231FAEB13F00AEDC73 /* xoalogo1.png in Resources */ = {isa = PBXBuildFile; fileRef = AFE16C221FAEB13F00AEDC73 /* xoalogo1.png */; };
		B30E82DE897A51F95BA4E1DF /* Pods_Xiwao.framework in Frameworks */ = {isa = PBXBuildFile; fileRef = 468C2048E91EFF1E69061106 /* Pods_Xiwao.framework */; };
		B50482A11E6883B100D5236C /* InicioController.swift in Sources */ = {isa = PBXBuildFile; fileRef = B50482A01E6883B100D5236C /* InicioController.swift */; };
		B5054D771E66051500FEEDE4 /* SolPendController.swift in Sources */ = {isa = PBXBuildFile; fileRef = B5054D761E66051500FEEDE4 /* SolPendController.swift */; };
		B58F1E5E1E635D2B008F07AC /* LoginController.swift in Sources */ = {isa = PBXBuildFile; fileRef = B58F1E5D1E635D2B008F07AC /* LoginController.swift */; };
		B5EDE1341D6517B20014130F /* CConexionInternet.swift in Sources */ = {isa = PBXBuildFile; fileRef = B5EDE1331D6517B20014130F /* CConexionInternet.swift */; };
		B5F753E51D5D045500FFDFD0 /* Main.storyboard in Resources */ = {isa = PBXBuildFile; fileRef = B5F753E31D5D045500FFDFD0 /* Main.storyboard */; };
		C60C16562302736B0090F4E0 /* OurDate.swift in Sources */ = {isa = PBXBuildFile; fileRef = C60C16552302736B0090F4E0 /* OurDate.swift */; };
		C60C16582302760B0090F4E0 /* UIButton.swift in Sources */ = {isa = PBXBuildFile; fileRef = C60C16572302760B0090F4E0 /* UIButton.swift */; };
		C6253C16230B9CBE0010F6A3 /* BaseController.swift in Sources */ = {isa = PBXBuildFile; fileRef = C6253C15230B9CBE0010F6A3 /* BaseController.swift */; };
		C6253C18230E35940010F6A3 /* SolPendSocketExt.swift in Sources */ = {isa = PBXBuildFile; fileRef = C6253C17230E35940010F6A3 /* SolPendSocketExt.swift */; };
		C6384BEA22A43A46000EB156 /* UIToolbar.swift in Sources */ = {isa = PBXBuildFile; fileRef = C6384BE922A43A46000EB156 /* UIToolbar.swift */; };
		C63A6FA9227F60D50095AF3C /* InicioControllerSocketExt.swift in Sources */ = {isa = PBXBuildFile; fileRef = C63A6FA8227F60D50095AF3C /* InicioControllerSocketExt.swift */; };
		C63A6FAB227F62660095AF3C /* LoginControllerExt.swift in Sources */ = {isa = PBXBuildFile; fileRef = C63A6FAA227F62660095AF3C /* LoginControllerExt.swift */; };
		C63A6FAD227F63160095AF3C /* LoginControllerSocketExt.swift in Sources */ = {isa = PBXBuildFile; fileRef = C63A6FAC227F63160095AF3C /* LoginControllerSocketExt.swift */; };
		C63A6FAF227F65A00095AF3C /* PerfilControllerExt.swift in Sources */ = {isa = PBXBuildFile; fileRef = C63A6FAE227F65A00095AF3C /* PerfilControllerExt.swift */; };
		C63A6FB1227F675A0095AF3C /* ApiRequestController.swift in Sources */ = {isa = PBXBuildFile; fileRef = C63A6FB0227F675A0095AF3C /* ApiRequestController.swift */; };
		C63D220821D56150007378D7 /* CSocket.swift in Sources */ = {isa = PBXBuildFile; fileRef = C63D220721D56150007378D7 /* CSocket.swift */; };
		C64363A022EBC44E0006F235 /* OfertasController.swift in Sources */ = {isa = PBXBuildFile; fileRef = C643639F22EBC44E0006F235 /* OfertasController.swift */; };
		C64363A222EBC4A50006F235 /* OfertasControllerExt.swift in Sources */ = {isa = PBXBuildFile; fileRef = C64363A122EBC4A50006F235 /* OfertasControllerExt.swift */; };
		C65F9F272299B72D00E3E304 /* MenuCollectionViewCell.swift in Sources */ = {isa = PBXBuildFile; fileRef = C65F9F262299B72D00E3E304 /* MenuCollectionViewCell.swift */; };
		C65F9F2A229BA44900E3E304 /* OrigenCell.xib in Resources */ = {isa = PBXBuildFile; fileRef = C65F9F29229BA44900E3E304 /* OrigenCell.xib */; };
		C65F9F2C229BA46F00E3E304 /* OrigenViewCell.swift in Sources */ = {isa = PBXBuildFile; fileRef = C65F9F2B229BA46F00E3E304 /* OrigenViewCell.swift */; };
		C65F9F30229E384200E3E304 /* VoucherCell.xib in Resources */ = {isa = PBXBuildFile; fileRef = C65F9F2F229E384200E3E304 /* VoucherCell.xib */; };
		C65F9F32229E39CE00E3E304 /* VoucherViewCell.swift in Sources */ = {isa = PBXBuildFile; fileRef = C65F9F31229E39CE00E3E304 /* VoucherViewCell.swift */; };
		C65F9F34229E3BA900E3E304 /* ContactoCell.xib in Resources */ = {isa = PBXBuildFile; fileRef = C65F9F33229E3BA900E3E304 /* ContactoCell.xib */; };
		C65F9F36229E3C4F00E3E304 /* ContactoViewCell.swift in Sources */ = {isa = PBXBuildFile; fileRef = C65F9F35229E3C4F00E3E304 /* ContactoViewCell.swift */; };
		C65F9F38229E42AD00E3E304 /* InicioControllerTablesExt.swift in Sources */ = {isa = PBXBuildFile; fileRef = C65F9F37229E42AD00E3E304 /* InicioControllerTablesExt.swift */; };
		C68DA298227E12D40029CD0B /* MKMapView.swift in Sources */ = {isa = PBXBuildFile; fileRef = C68DA297227E12D40029CD0B /* MKMapView.swift */; };
		C68DA29A227E13030029CD0B /* UITextfield.swift in Sources */ = {isa = PBXBuildFile; fileRef = C68DA299227E13030029CD0B /* UITextfield.swift */; };
		C68DA29C227E39BE0029CD0B /* GlobalVariables.swift in Sources */ = {isa = PBXBuildFile; fileRef = C68DA29B227E39BE0029CD0B /* GlobalVariables.swift */; };
		C68DA29E227E39F20029CD0B /* Customization.swift in Sources */ = {isa = PBXBuildFile; fileRef = C68DA29D227E39F20029CD0B /* Customization.swift */; };
		C68DA2A0227E3A240029CD0B /* GlobalConstants.swift in Sources */ = {isa = PBXBuildFile; fileRef = C68DA29F227E3A240029CD0B /* GlobalConstants.swift */; };
		C68ED7C12298B94400E2F8AC /* R.generated.swift in Sources */ = {isa = PBXBuildFile; fileRef = C68ED7C02298B94400E2F8AC /* R.generated.swift */; };
		C6915F21228500420048C00C /* SMSVoz.swift in Sources */ = {isa = PBXBuildFile; fileRef = C6915F20228500420048C00C /* SMSVoz.swift */; };
		C6A50BEC24DF153200188ACD /* TipoVehiculoCell.xib in Resources */ = {isa = PBXBuildFile; fileRef = C6A50BEB24DF153200188ACD /* TipoVehiculoCell.xib */; };
		C6A50BEE24DF15D700188ACD /* TipoVehiculoCell.swift in Sources */ = {isa = PBXBuildFile; fileRef = C6A50BED24DF15D700188ACD /* TipoVehiculoCell.swift */; };
		C6A50BF124E04CC600188ACD /* TipoVehiculo.swift in Sources */ = {isa = PBXBuildFile; fileRef = C6A50BF024E04CC600188ACD /* TipoVehiculo.swift */; };
		C6AD7B6B23A53B9F009A48E1 /* UITextView.swift in Sources */ = {isa = PBXBuildFile; fileRef = C6AD7B6A23A53B9F009A48E1 /* UITextView.swift */; };
		C6AFBD1122186DC100CC060A /* InicioControllerExt.swift in Sources */ = {isa = PBXBuildFile; fileRef = C6AFBD1022186DC100CC060A /* InicioControllerExt.swift */; };
		C6BF0A4724F52ED60035C34E /* Responsive.swift in Sources */ = {isa = PBXBuildFile; fileRef = C6BF0A4624F52ED60035C34E /* Responsive.swift */; };
		C6C02E792501A2760090D058 /* DestinoCell.swift in Sources */ = {isa = PBXBuildFile; fileRef = C6C02E772501A2740090D058 /* DestinoCell.swift */; };
		C6C02E7A2501A2760090D058 /* DestinoCell.xib in Resources */ = {isa = PBXBuildFile; fileRef = C6C02E782501A2760090D058 /* DestinoCell.xib */; };
		C6CACFAD22D26A9300702430 /* Oferta.swift in Sources */ = {isa = PBXBuildFile; fileRef = C6CACFAC22D26A9300702430 /* Oferta.swift */; };
		C6CACFB022D2BD5000702430 /* OfertaViewCell.xib in Resources */ = {isa = PBXBuildFile; fileRef = C6CACFAF22D2BD5000702430 /* OfertaViewCell.xib */; };
		C6CACFB222D2BE4900702430 /* UIView.swift in Sources */ = {isa = PBXBuildFile; fileRef = C6CACFB122D2BE4900702430 /* UIView.swift */; };
		C6CACFB422D2BE7300702430 /* OfertaViewCell.swift in Sources */ = {isa = PBXBuildFile; fileRef = C6CACFB322D2BE7300702430 /* OfertaViewCell.swift */; };
		C6D04CFF2398CD1900ACD70C /* OfertaDataCell.xib in Resources */ = {isa = PBXBuildFile; fileRef = C6D04CFE2398CD1900ACD70C /* OfertaDataCell.xib */; };
		C6D04D012398CD2E00ACD70C /* OfertaDataViewCell.swift in Sources */ = {isa = PBXBuildFile; fileRef = C6D04D002398CD2E00ACD70C /* OfertaDataViewCell.swift */; };
		C6D67957228BAFFC00C74B6E /* Launch Screen.storyboard in Resources */ = {isa = PBXBuildFile; fileRef = C6D67956228BAFFC00C74B6E /* Launch Screen.storyboard */; };
		C6F0BB1923B7049E00266396 /* SolPendientesCell.xib in Resources */ = {isa = PBXBuildFile; fileRef = C6F0BB1823B7049E00266396 /* SolPendientesCell.xib */; };
		C6F0BB1B23B7053800266396 /* SolPendientesViewCell.swift in Sources */ = {isa = PBXBuildFile; fileRef = C6F0BB1A23B7053800266396 /* SolPendientesViewCell.swift */; };
		C6F27B08238F2C5400679E07 /* SolicitudOld.swift in Sources */ = {isa = PBXBuildFile; fileRef = C6F27B07238F2C5400679E07 /* SolicitudOld.swift */; };
		C6F580E723AB412D002D69E5 /* UIImage.swift in Sources */ = {isa = PBXBuildFile; fileRef = C6F580E623AB412D002D69E5 /* UIImage.swift */; };
/* End PBXBuildFile section */

/* Begin PBXFileReference section */
		3356CC36AF250B0642E5CE4A /* Pods-Conaitor.release.xcconfig */ = {isa = PBXFileReference; includeInIndex = 1; lastKnownFileType = text.xcconfig; name = "Pods-Conaitor.release.xcconfig"; path = "Target Support Files/Pods-Conaitor/Pods-Conaitor.release.xcconfig"; sourceTree = "<group>"; };
		468C2048E91EFF1E69061106 /* Pods_Xiwao.framework */ = {isa = PBXFileReference; explicitFileType = wrapper.framework; includeInIndex = 0; path = Pods_Xiwao.framework; sourceTree = BUILT_PRODUCTS_DIR; };
		4BA10FB1497A3EBA1B789C4F /* Pods-Conaitor.debug.xcconfig */ = {isa = PBXFileReference; includeInIndex = 1; lastKnownFileType = text.xcconfig; name = "Pods-Conaitor.debug.xcconfig"; path = "Target Support Files/Pods-Conaitor/Pods-Conaitor.debug.xcconfig"; sourceTree = "<group>"; };
		5AFC4C55043846269B6C60CF /* Pods-Xiwao.release.xcconfig */ = {isa = PBXFileReference; includeInIndex = 1; lastKnownFileType = text.xcconfig; name = "Pods-Xiwao.release.xcconfig"; path = "Target Support Files/Pods-Xiwao/Pods-Xiwao.release.xcconfig"; sourceTree = "<group>"; };
		614803C5DB936BE9A78397E5 /* Pods_UnTaxi.framework */ = {isa = PBXFileReference; explicitFileType = wrapper.framework; includeInIndex = 0; path = Pods_UnTaxi.framework; sourceTree = BUILT_PRODUCTS_DIR; };
		74907667BE3274AB103F7F07 /* Pods-SamboCar.debug.xcconfig */ = {isa = PBXFileReference; includeInIndex = 1; lastKnownFileType = text.xcconfig; name = "Pods-SamboCar.debug.xcconfig"; path = "Target Support Files/Pods-SamboCar/Pods-SamboCar.debug.xcconfig"; sourceTree = "<group>"; };
		845CE2ED1BE9E93F005C641B /* CoreLocation.framework */ = {isa = PBXFileReference; lastKnownFileType = wrapper.framework; name = CoreLocation.framework; path = System/Library/Frameworks/CoreLocation.framework; sourceTree = SDKROOT; };
		8462408E1BEABBB800F272D5 /* Entitlements.plist */ = {isa = PBXFileReference; fileEncoding = 4; lastKnownFileType = text.plist.xml; path = Entitlements.plist; sourceTree = "<group>"; };
		84F28A271CC13CC400529F53 /* Images-5.xcassets */ = {isa = PBXFileReference; lastKnownFileType = folder.assetcatalog; path = "Images-5.xcassets"; sourceTree = "<group>"; };
		84F571431BCE958200FC18D5 /* Xiwao.app */ = {isa = PBXFileReference; explicitFileType = wrapper.application; includeInIndex = 0; path = Xiwao.app; sourceTree = BUILT_PRODUCTS_DIR; };
		84F571521BCE958200FC18D5 /* Info.plist */ = {isa = PBXFileReference; lastKnownFileType = text.plist.xml; path = Info.plist; sourceTree = "<group>"; };
		84F5715B1BCE958200FC18D5 /* XtaxiTests.swift */ = {isa = PBXFileReference; lastKnownFileType = sourcecode.swift; path = XtaxiTests.swift; sourceTree = "<group>"; };
		84F5715D1BCE958200FC18D5 /* Info.plist */ = {isa = PBXFileReference; lastKnownFileType = text.plist.xml; path = Info.plist; sourceTree = "<group>"; };
		84F571661BCE958200FC18D5 /* XtaxiUITests.swift */ = {isa = PBXFileReference; lastKnownFileType = sourcecode.swift; path = XtaxiUITests.swift; sourceTree = "<group>"; };
		84F571681BCE958200FC18D5 /* Info.plist */ = {isa = PBXFileReference; lastKnownFileType = text.plist.xml; path = Info.plist; sourceTree = "<group>"; };
		84FC7EDF1BEA6DE50068007B /* GoogleMaps.framework */ = {isa = PBXFileReference; lastKnownFileType = wrapper.framework; name = GoogleMaps.framework; path = Pods/GoogleMaps/Frameworks/GoogleMaps.framework; sourceTree = "<group>"; };
		8E60231B1F7FE19A796CF5BA /* Pods-SamboCar.release.xcconfig */ = {isa = PBXFileReference; includeInIndex = 1; lastKnownFileType = text.xcconfig; name = "Pods-SamboCar.release.xcconfig"; path = "Target Support Files/Pods-SamboCar/Pods-SamboCar.release.xcconfig"; sourceTree = "<group>"; };
		ADFD9F19323BA6C3BA03B287 /* Pods-MovilClub.debug.xcconfig */ = {isa = PBXFileReference; includeInIndex = 1; lastKnownFileType = text.xcconfig; name = "Pods-MovilClub.debug.xcconfig"; path = "Target Support Files/Pods-MovilClub/Pods-MovilClub.debug.xcconfig"; sourceTree = "<group>"; };
		AF3D9E0D1FA504CB0019432B /* CallCenterViewCell.xib */ = {isa = PBXFileReference; lastKnownFileType = file.xib; path = CallCenterViewCell.xib; sourceTree = "<group>"; };
		AF3D9E101FA510E70019432B /* CLARO.png */ = {isa = PBXFileReference; lastKnownFileType = image.png; path = CLARO.png; sourceTree = "<group>"; };
		AF3D9E111FA510E80019432B /* MOVISTAR.png */ = {isa = PBXFileReference; lastKnownFileType = image.png; path = MOVISTAR.png; sourceTree = "<group>"; };
		AF3D9E121FA510E80019432B /* CNT.png */ = {isa = PBXFileReference; lastKnownFileType = image.png; path = CNT.png; sourceTree = "<group>"; };
		AF3D9E161FA51A190019432B /* PerfilViewCell.swift */ = {isa = PBXFileReference; lastKnownFileType = sourcecode.swift; path = PerfilViewCell.swift; sourceTree = "<group>"; };
		AF3D9E171FA51A190019432B /* PerfilViewCell.xib */ = {isa = PBXFileReference; lastKnownFileType = file.xib; path = PerfilViewCell.xib; sourceTree = "<group>"; };
		AF3D9E1A1FA51D910019432B /* Perfil2ViewCell.swift */ = {isa = PBXFileReference; lastKnownFileType = sourcecode.swift; path = Perfil2ViewCell.swift; sourceTree = "<group>"; };
		AF3D9E1B1FA51D910019432B /* Perfil2ViewCell.xib */ = {isa = PBXFileReference; lastKnownFileType = file.xib; path = Perfil2ViewCell.xib; sourceTree = "<group>"; };
		AF3D9E1E1FA61F580019432B /* Perfil3ViewCell.swift */ = {isa = PBXFileReference; lastKnownFileType = sourcecode.swift; path = Perfil3ViewCell.swift; sourceTree = "<group>"; };
		AF3D9E1F1FA61F580019432B /* Perfil3ViewCell.xib */ = {isa = PBXFileReference; lastKnownFileType = file.xib; path = Perfil3ViewCell.xib; sourceTree = "<group>"; };
		AFD655D11F9D390F00C8A5BD /* CallCenterController.swift */ = {isa = PBXFileReference; fileEncoding = 4; lastKnownFileType = sourcecode.swift; name = CallCenterController.swift; path = Controllers/CallCenterController.swift; sourceTree = "<group>"; };
		AFD655D21F9D390F00C8A5BD /* SolicitudesTableController.swift */ = {isa = PBXFileReference; fileEncoding = 4; lastKnownFileType = sourcecode.swift; name = SolicitudesTableController.swift; path = Controllers/SolicitudesTableController.swift; sourceTree = "<group>"; };
		AFD655D41F9D391000C8A5BD /* PerfilController.swift */ = {isa = PBXFileReference; fileEncoding = 4; lastKnownFileType = sourcecode.swift; name = PerfilController.swift; path = Controllers/PerfilController.swift; sourceTree = "<group>"; };
		AFD655D51F9D391000C8A5BD /* CompletadaController.swift */ = {isa = PBXFileReference; fileEncoding = 4; lastKnownFileType = sourcecode.swift; name = CompletadaController.swift; path = Controllers/CompletadaController.swift; sourceTree = "<group>"; };
		AFD656181F9D3C5300C8A5BD /* AFNetworking.framework */ = {isa = PBXFileReference; explicitFileType = wrapper.framework; path = AFNetworking.framework; sourceTree = BUILT_PRODUCTS_DIR; };
		AFD656191F9D3C5300C8A5BD /* Canvas.framework */ = {isa = PBXFileReference; explicitFileType = wrapper.framework; path = Canvas.framework; sourceTree = BUILT_PRODUCTS_DIR; };
		AFD6561A1F9D3C5300C8A5BD /* SocketIO.framework */ = {isa = PBXFileReference; explicitFileType = wrapper.framework; path = SocketIO.framework; sourceTree = BUILT_PRODUCTS_DIR; };
		AFD656201F9D42DC00C8A5BD /* CSMSVoz.swift */ = {isa = PBXFileReference; fileEncoding = 4; lastKnownFileType = sourcecode.swift; path = CSMSVoz.swift; sourceTree = "<group>"; };
		AFD656211F9D42DC00C8A5BD /* CEvaluacion.swift */ = {isa = PBXFileReference; fileEncoding = 4; lastKnownFileType = sourcecode.swift; path = CEvaluacion.swift; sourceTree = "<group>"; };
		AFD656221F9D42DC00C8A5BD /* CRuta.swift */ = {isa = PBXFileReference; fileEncoding = 4; lastKnownFileType = sourcecode.swift; path = CRuta.swift; sourceTree = "<group>"; };
		AFD656261F9D42DD00C8A5BD /* CCliente.swift */ = {isa = PBXFileReference; fileEncoding = 4; lastKnownFileType = sourcecode.swift; path = CCliente.swift; sourceTree = "<group>"; };
		AFD656271F9D42DD00C8A5BD /* CTelefono.swift */ = {isa = PBXFileReference; fileEncoding = 4; lastKnownFileType = sourcecode.swift; path = CTelefono.swift; sourceTree = "<group>"; };
		AFD656291F9D42DE00C8A5BD /* AppDelegate.swift */ = {isa = PBXFileReference; fileEncoding = 4; lastKnownFileType = sourcecode.swift; path = AppDelegate.swift; sourceTree = "<group>"; };
		AFD6562A1F9D42DE00C8A5BD /* beep.wav */ = {isa = PBXFileReference; lastKnownFileType = audio.wav; path = beep.wav; sourceTree = "<group>"; };
		AFD6562B1F9D42DE00C8A5BD /* CTaxi.swift */ = {isa = PBXFileReference; fileEncoding = 4; lastKnownFileType = sourcecode.swift; path = CTaxi.swift; sourceTree = "<group>"; };
		AFD6562D1F9D42DE00C8A5BD /* claxon.mp3 */ = {isa = PBXFileReference; lastKnownFileType = audio.mp3; path = claxon.mp3; sourceTree = "<group>"; };
		AFD6562F1F9D42DF00C8A5BD /* Solicitud.swift */ = {isa = PBXFileReference; fileEncoding = 4; lastKnownFileType = sourcecode.swift; path = Solicitud.swift; sourceTree = "<group>"; };
		AFD656321F9D42E000C8A5BD /* CConductor.swift */ = {isa = PBXFileReference; fileEncoding = 4; lastKnownFileType = sourcecode.swift; path = CConductor.swift; sourceTree = "<group>"; };
		AFD6565A1FA0002A00C8A5BD /* SocketIO.framework */ = {isa = PBXFileReference; explicitFileType = wrapper.framework; path = SocketIO.framework; sourceTree = BUILT_PRODUCTS_DIR; };
		AFD656641FA1734300C8A5BD /* CallCenterViewCell.swift */ = {isa = PBXFileReference; lastKnownFileType = sourcecode.swift; path = CallCenterViewCell.swift; sourceTree = "<group>"; };
		AFD6566B1FA1734300C8A5BD /* SolViewCell.swift */ = {isa = PBXFileReference; lastKnownFileType = sourcecode.swift; path = SolViewCell.swift; sourceTree = "<group>"; };
		AFD656711FA17CD000C8A5BD /* ds_digital */ = {isa = PBXFileReference; lastKnownFileType = folder; path = ds_digital; sourceTree = "<group>"; };
		AFE16C221FAEB13F00AEDC73 /* xoalogo1.png */ = {isa = PBXFileReference; lastKnownFileType = image.png; path = xoalogo1.png; sourceTree = "<group>"; };
		B50482A01E6883B100D5236C /* InicioController.swift */ = {isa = PBXFileReference; fileEncoding = 4; lastKnownFileType = sourcecode.swift; name = InicioController.swift; path = Controllers/InicioController.swift; sourceTree = "<group>"; };
		B5054D761E66051500FEEDE4 /* SolPendController.swift */ = {isa = PBXFileReference; fileEncoding = 4; lastKnownFileType = sourcecode.swift; name = SolPendController.swift; path = Controllers/SolPendController.swift; sourceTree = "<group>"; };
		B52CA4991DE0B69300E9782C /* Canvas.framework */ = {isa = PBXFileReference; lastKnownFileType = wrapper.framework; name = Canvas.framework; path = "Pods/../build/Release-iphoneos/Canvas/Canvas.framework"; sourceTree = "<group>"; };
		B58F1E5D1E635D2B008F07AC /* LoginController.swift */ = {isa = PBXFileReference; fileEncoding = 4; lastKnownFileType = sourcecode.swift; name = LoginController.swift; path = Controllers/LoginController.swift; sourceTree = "<group>"; };
		B5BF37841DDCB48400301DA4 /* SocketIO.framework */ = {isa = PBXFileReference; lastKnownFileType = wrapper.framework; name = SocketIO.framework; path = "../../../../../Users/dsantana/Library/Developer/Xcode/DerivedData/UnTaxi-bhdseouykvmypecitlgrgswqblii/Build/Products/Debug-iphonesimulator/Socket.IO-Client-Swift/SocketIO.framework"; sourceTree = "<group>"; };
		B5EDE1331D6517B20014130F /* CConexionInternet.swift */ = {isa = PBXFileReference; fileEncoding = 4; lastKnownFileType = sourcecode.swift; path = CConexionInternet.swift; sourceTree = "<group>"; };
		B5F584881DCF907B002CA7B5 /* DS-DIGI.TTF */ = {isa = PBXFileReference; lastKnownFileType = file; name = "DS-DIGI.TTF"; path = "UnTaxi/ds_digital/DS-DIGI.TTF"; sourceTree = "<group>"; };
		B5F5848A1DCF90F3002CA7B5 /* DS-DIGII.TTF */ = {isa = PBXFileReference; lastKnownFileType = file; name = "DS-DIGII.TTF"; path = "UnTaxi/ds_digital/DS-DIGII.TTF"; sourceTree = "<group>"; };
		B5F753E41D5D045500FFDFD0 /* Base */ = {isa = PBXFileReference; lastKnownFileType = file.storyboard; name = Base; path = Base.lproj/Main.storyboard; sourceTree = "<group>"; };
		B84DA43525F66A34078491E1 /* Pods-Xiwao.debug.xcconfig */ = {isa = PBXFileReference; includeInIndex = 1; lastKnownFileType = text.xcconfig; name = "Pods-Xiwao.debug.xcconfig"; path = "Target Support Files/Pods-Xiwao/Pods-Xiwao.debug.xcconfig"; sourceTree = "<group>"; };
		C51562969F93063CD44CC601 /* Pods-MovilClub.release.xcconfig */ = {isa = PBXFileReference; includeInIndex = 1; lastKnownFileType = text.xcconfig; name = "Pods-MovilClub.release.xcconfig"; path = "Target Support Files/Pods-MovilClub/Pods-MovilClub.release.xcconfig"; sourceTree = "<group>"; };
		C60C16552302736B0090F4E0 /* OurDate.swift */ = {isa = PBXFileReference; lastKnownFileType = sourcecode.swift; path = OurDate.swift; sourceTree = "<group>"; };
		C60C16572302760B0090F4E0 /* UIButton.swift */ = {isa = PBXFileReference; lastKnownFileType = sourcecode.swift; path = UIButton.swift; sourceTree = "<group>"; };
		C6253C15230B9CBE0010F6A3 /* BaseController.swift */ = {isa = PBXFileReference; lastKnownFileType = sourcecode.swift; path = BaseController.swift; sourceTree = "<group>"; };
		C6253C17230E35940010F6A3 /* SolPendSocketExt.swift */ = {isa = PBXFileReference; lastKnownFileType = sourcecode.swift; path = SolPendSocketExt.swift; sourceTree = "<group>"; };
		C6384BE922A43A46000EB156 /* UIToolbar.swift */ = {isa = PBXFileReference; lastKnownFileType = sourcecode.swift; path = UIToolbar.swift; sourceTree = "<group>"; };
		C63A6FA8227F60D50095AF3C /* InicioControllerSocketExt.swift */ = {isa = PBXFileReference; lastKnownFileType = sourcecode.swift; path = InicioControllerSocketExt.swift; sourceTree = "<group>"; };
		C63A6FAA227F62660095AF3C /* LoginControllerExt.swift */ = {isa = PBXFileReference; lastKnownFileType = sourcecode.swift; path = LoginControllerExt.swift; sourceTree = "<group>"; };
		C63A6FAC227F63160095AF3C /* LoginControllerSocketExt.swift */ = {isa = PBXFileReference; lastKnownFileType = sourcecode.swift; path = LoginControllerSocketExt.swift; sourceTree = "<group>"; };
		C63A6FAE227F65A00095AF3C /* PerfilControllerExt.swift */ = {isa = PBXFileReference; lastKnownFileType = sourcecode.swift; path = PerfilControllerExt.swift; sourceTree = "<group>"; };
		C63A6FB0227F675A0095AF3C /* ApiRequestController.swift */ = {isa = PBXFileReference; lastKnownFileType = sourcecode.swift; path = ApiRequestController.swift; sourceTree = "<group>"; };
		C63D220721D56150007378D7 /* CSocket.swift */ = {isa = PBXFileReference; fileEncoding = 4; lastKnownFileType = sourcecode.swift; path = CSocket.swift; sourceTree = "<group>"; };
		C643639F22EBC44E0006F235 /* OfertasController.swift */ = {isa = PBXFileReference; lastKnownFileType = sourcecode.swift; path = OfertasController.swift; sourceTree = "<group>"; };
		C64363A122EBC4A50006F235 /* OfertasControllerExt.swift */ = {isa = PBXFileReference; lastKnownFileType = sourcecode.swift; path = OfertasControllerExt.swift; sourceTree = "<group>"; };
		C65F9F262299B72D00E3E304 /* MenuCollectionViewCell.swift */ = {isa = PBXFileReference; lastKnownFileType = sourcecode.swift; path = MenuCollectionViewCell.swift; sourceTree = "<group>"; };
		C65F9F29229BA44900E3E304 /* OrigenCell.xib */ = {isa = PBXFileReference; lastKnownFileType = file.xib; path = OrigenCell.xib; sourceTree = "<group>"; };
		C65F9F2B229BA46F00E3E304 /* OrigenViewCell.swift */ = {isa = PBXFileReference; lastKnownFileType = sourcecode.swift; path = OrigenViewCell.swift; sourceTree = "<group>"; };
		C65F9F2F229E384200E3E304 /* VoucherCell.xib */ = {isa = PBXFileReference; lastKnownFileType = file.xib; path = VoucherCell.xib; sourceTree = "<group>"; };
		C65F9F31229E39CE00E3E304 /* VoucherViewCell.swift */ = {isa = PBXFileReference; lastKnownFileType = sourcecode.swift; path = VoucherViewCell.swift; sourceTree = "<group>"; };
		C65F9F33229E3BA900E3E304 /* ContactoCell.xib */ = {isa = PBXFileReference; lastKnownFileType = file.xib; path = ContactoCell.xib; sourceTree = "<group>"; };
		C65F9F35229E3C4F00E3E304 /* ContactoViewCell.swift */ = {isa = PBXFileReference; lastKnownFileType = sourcecode.swift; path = ContactoViewCell.swift; sourceTree = "<group>"; };
		C65F9F37229E42AD00E3E304 /* InicioControllerTablesExt.swift */ = {isa = PBXFileReference; lastKnownFileType = sourcecode.swift; path = InicioControllerTablesExt.swift; sourceTree = "<group>"; };
		C68DA297227E12D40029CD0B /* MKMapView.swift */ = {isa = PBXFileReference; lastKnownFileType = sourcecode.swift; path = MKMapView.swift; sourceTree = "<group>"; };
		C68DA299227E13030029CD0B /* UITextfield.swift */ = {isa = PBXFileReference; lastKnownFileType = sourcecode.swift; path = UITextfield.swift; sourceTree = "<group>"; };
		C68DA29B227E39BE0029CD0B /* GlobalVariables.swift */ = {isa = PBXFileReference; lastKnownFileType = sourcecode.swift; path = GlobalVariables.swift; sourceTree = "<group>"; };
		C68DA29D227E39F20029CD0B /* Customization.swift */ = {isa = PBXFileReference; lastKnownFileType = sourcecode.swift; path = Customization.swift; sourceTree = "<group>"; };
		C68DA29F227E3A240029CD0B /* GlobalConstants.swift */ = {isa = PBXFileReference; lastKnownFileType = sourcecode.swift; path = GlobalConstants.swift; sourceTree = "<group>"; };
		C68ED7C02298B94400E2F8AC /* R.generated.swift */ = {isa = PBXFileReference; fileEncoding = 4; lastKnownFileType = sourcecode.swift; path = R.generated.swift; sourceTree = "<group>"; };
		C6915F20228500420048C00C /* SMSVoz.swift */ = {isa = PBXFileReference; lastKnownFileType = sourcecode.swift; path = SMSVoz.swift; sourceTree = "<group>"; };
		C6A50BEB24DF153200188ACD /* TipoVehiculoCell.xib */ = {isa = PBXFileReference; lastKnownFileType = file.xib; path = TipoVehiculoCell.xib; sourceTree = "<group>"; };
		C6A50BED24DF15D700188ACD /* TipoVehiculoCell.swift */ = {isa = PBXFileReference; lastKnownFileType = sourcecode.swift; path = TipoVehiculoCell.swift; sourceTree = "<group>"; };
		C6A50BF024E04CC600188ACD /* TipoVehiculo.swift */ = {isa = PBXFileReference; lastKnownFileType = sourcecode.swift; path = TipoVehiculo.swift; sourceTree = "<group>"; };
		C6AD7B6A23A53B9F009A48E1 /* UITextView.swift */ = {isa = PBXFileReference; lastKnownFileType = sourcecode.swift; path = UITextView.swift; sourceTree = "<group>"; };
		C6AFBD1022186DC100CC060A /* InicioControllerExt.swift */ = {isa = PBXFileReference; lastKnownFileType = sourcecode.swift; path = InicioControllerExt.swift; sourceTree = "<group>"; };
		C6BF0A4624F52ED60035C34E /* Responsive.swift */ = {isa = PBXFileReference; lastKnownFileType = sourcecode.swift; path = Responsive.swift; sourceTree = "<group>"; };
		C6C02E772501A2740090D058 /* DestinoCell.swift */ = {isa = PBXFileReference; fileEncoding = 4; lastKnownFileType = sourcecode.swift; path = DestinoCell.swift; sourceTree = "<group>"; };
		C6C02E782501A2760090D058 /* DestinoCell.xib */ = {isa = PBXFileReference; fileEncoding = 4; lastKnownFileType = file.xib; path = DestinoCell.xib; sourceTree = "<group>"; };
		C6CACFAC22D26A9300702430 /* Oferta.swift */ = {isa = PBXFileReference; lastKnownFileType = sourcecode.swift; path = Oferta.swift; sourceTree = "<group>"; };
		C6CACFAF22D2BD5000702430 /* OfertaViewCell.xib */ = {isa = PBXFileReference; lastKnownFileType = file.xib; path = OfertaViewCell.xib; sourceTree = "<group>"; };
		C6CACFB122D2BE4900702430 /* UIView.swift */ = {isa = PBXFileReference; lastKnownFileType = sourcecode.swift; path = UIView.swift; sourceTree = "<group>"; };
		C6CACFB322D2BE7300702430 /* OfertaViewCell.swift */ = {isa = PBXFileReference; lastKnownFileType = sourcecode.swift; path = OfertaViewCell.swift; sourceTree = "<group>"; };
		C6D04CFE2398CD1900ACD70C /* OfertaDataCell.xib */ = {isa = PBXFileReference; lastKnownFileType = file.xib; path = OfertaDataCell.xib; sourceTree = "<group>"; };
		C6D04D002398CD2E00ACD70C /* OfertaDataViewCell.swift */ = {isa = PBXFileReference; lastKnownFileType = sourcecode.swift; path = OfertaDataViewCell.swift; sourceTree = "<group>"; };
		C6D67956228BAFFC00C74B6E /* Launch Screen.storyboard */ = {isa = PBXFileReference; lastKnownFileType = file.storyboard; path = "Launch Screen.storyboard"; sourceTree = "<group>"; };
		C6F0BB1823B7049E00266396 /* SolPendientesCell.xib */ = {isa = PBXFileReference; lastKnownFileType = file.xib; path = SolPendientesCell.xib; sourceTree = "<group>"; };
		C6F0BB1A23B7053800266396 /* SolPendientesViewCell.swift */ = {isa = PBXFileReference; lastKnownFileType = sourcecode.swift; path = SolPendientesViewCell.swift; sourceTree = "<group>"; };
		C6F27B07238F2C5400679E07 /* SolicitudOld.swift */ = {isa = PBXFileReference; lastKnownFileType = sourcecode.swift; path = SolicitudOld.swift; sourceTree = "<group>"; };
		C6F580E623AB412D002D69E5 /* UIImage.swift */ = {isa = PBXFileReference; lastKnownFileType = sourcecode.swift; path = UIImage.swift; sourceTree = "<group>"; };
		F92995AA53873A7D5886FE22 /* Pods_MovilClub.framework */ = {isa = PBXFileReference; explicitFileType = wrapper.framework; includeInIndex = 0; path = Pods_MovilClub.framework; sourceTree = BUILT_PRODUCTS_DIR; };
/* End PBXFileReference section */

/* Begin PBXFrameworksBuildPhase section */
		84F571401BCE958200FC18D5 /* Frameworks */ = {
			isa = PBXFrameworksBuildPhase;
			buildActionMask = 2147483647;
			files = (
				B30E82DE897A51F95BA4E1DF /* Pods_Xiwao.framework in Frameworks */,
			);
			runOnlyForDeploymentPostprocessing = 0;
		};
/* End PBXFrameworksBuildPhase section */

/* Begin PBXGroup section */
		806E675426FD1B3FEF7755DC /* Frameworks */ = {
			isa = PBXGroup;
			children = (
				AFD6565A1FA0002A00C8A5BD /* SocketIO.framework */,
				AFD656181F9D3C5300C8A5BD /* AFNetworking.framework */,
				AFD656191F9D3C5300C8A5BD /* Canvas.framework */,
				AFD6561A1F9D3C5300C8A5BD /* SocketIO.framework */,
				B52CA4991DE0B69300E9782C /* Canvas.framework */,
				B5BF37841DDCB48400301DA4 /* SocketIO.framework */,
				B5F5848A1DCF90F3002CA7B5 /* DS-DIGII.TTF */,
				B5F584881DCF907B002CA7B5 /* DS-DIGI.TTF */,
				84FC7EDF1BEA6DE50068007B /* GoogleMaps.framework */,
				845CE2ED1BE9E93F005C641B /* CoreLocation.framework */,
				614803C5DB936BE9A78397E5 /* Pods_UnTaxi.framework */,
				F92995AA53873A7D5886FE22 /* Pods_MovilClub.framework */,
				468C2048E91EFF1E69061106 /* Pods_Xiwao.framework */,
			);
			name = Frameworks;
			sourceTree = "<group>";
		};
		84609EE21C758E6F0056A282 /* icons */ = {
			isa = PBXGroup;
			children = (
				AFE16C221FAEB13F00AEDC73 /* xoalogo1.png */,
				AF3D9E101FA510E70019432B /* CLARO.png */,
				AF3D9E121FA510E80019432B /* CNT.png */,
				AF3D9E111FA510E80019432B /* MOVISTAR.png */,
			);
			name = icons;
			path = Xiwao/icons;
			sourceTree = "<group>";
		};
		84F5713A1BCE958200FC18D5 = {
			isa = PBXGroup;
			children = (
				C68ED7C02298B94400E2F8AC /* R.generated.swift */,
				84609EE21C758E6F0056A282 /* icons */,
				8462408E1BEABBB800F272D5 /* Entitlements.plist */,
				84F571451BCE958200FC18D5 /* Xiwao */,
				84F5715A1BCE958200FC18D5 /* XtaxiTests */,
				84F571651BCE958200FC18D5 /* XtaxiUITests */,
				84F571441BCE958200FC18D5 /* Products */,
				806E675426FD1B3FEF7755DC /* Frameworks */,
				DA53F09E53843FFE9BFE048B /* Pods */,
			);
			sourceTree = "<group>";
		};
		84F571441BCE958200FC18D5 /* Products */ = {
			isa = PBXGroup;
			children = (
				84F571431BCE958200FC18D5 /* Xiwao.app */,
			);
			name = Products;
			sourceTree = "<group>";
		};
		84F571451BCE958200FC18D5 /* Xiwao */ = {
			isa = PBXGroup;
			children = (
				B5F753E31D5D045500FFDFD0 /* Main.storyboard */,
				C6BF0A4524F52EBE0035C34E /* Utils */,
				C68DA295227E0C8F0029CD0B /* Constants */,
				C65F9F3922A0E65900E3E304 /* Models */,
				C68DA296227E12A50029CD0B /* Extensions */,
				AFD656631FA1734300C8A5BD /* Views */,
				B58F1E5C1E635C5F008F07AC /* Controllers */,
				AFD656711FA17CD000C8A5BD /* ds_digital */,
				84F571521BCE958200FC18D5 /* Info.plist */,
				84F28A271CC13CC400529F53 /* Images-5.xcassets */,
				AFD656291F9D42DE00C8A5BD /* AppDelegate.swift */,
				AFD6562A1F9D42DE00C8A5BD /* beep.wav */,
				AFD6562D1F9D42DE00C8A5BD /* claxon.mp3 */,
				C6D67956228BAFFC00C74B6E /* Launch Screen.storyboard */,
			);
			path = Xiwao;
			sourceTree = "<group>";
		};
		84F5715A1BCE958200FC18D5 /* XtaxiTests */ = {
			isa = PBXGroup;
			children = (
				84F5715B1BCE958200FC18D5 /* XtaxiTests.swift */,
				84F5715D1BCE958200FC18D5 /* Info.plist */,
			);
			path = XtaxiTests;
			sourceTree = "<group>";
		};
		84F571651BCE958200FC18D5 /* XtaxiUITests */ = {
			isa = PBXGroup;
			children = (
				84F571661BCE958200FC18D5 /* XtaxiUITests.swift */,
				84F571681BCE958200FC18D5 /* Info.plist */,
			);
			path = XtaxiUITests;
			sourceTree = "<group>";
		};
		AFD656631FA1734300C8A5BD /* Views */ = {
			isa = PBXGroup;
			children = (
				C6CACFAE22D2BD2F00702430 /* Oferta Table */,
				C65F9F28229BA0ED00E3E304 /* Solicitud Form */,
				AFD656641FA1734300C8A5BD /* CallCenterViewCell.swift */,
				AF3D9E0D1FA504CB0019432B /* CallCenterViewCell.xib */,
				AFD6566B1FA1734300C8A5BD /* SolViewCell.swift */,
				AF3D9E161FA51A190019432B /* PerfilViewCell.swift */,
				AF3D9E171FA51A190019432B /* PerfilViewCell.xib */,
				AF3D9E1A1FA51D910019432B /* Perfil2ViewCell.swift */,
				AF3D9E1B1FA51D910019432B /* Perfil2ViewCell.xib */,
				AF3D9E1E1FA61F580019432B /* Perfil3ViewCell.swift */,
				AF3D9E1F1FA61F580019432B /* Perfil3ViewCell.xib */,
				C65F9F262299B72D00E3E304 /* MenuCollectionViewCell.swift */,
				C6F0BB1823B7049E00266396 /* SolPendientesCell.xib */,
				C6F0BB1A23B7053800266396 /* SolPendientesViewCell.swift */,
			);
			path = Views;
			sourceTree = "<group>";
		};
		B58F1E5C1E635C5F008F07AC /* Controllers */ = {
			isa = PBXGroup;
			children = (
				C6AFBD0F22186D6400CC060A /* Extensions */,
				AFD655D11F9D390F00C8A5BD /* CallCenterController.swift */,
				AFD655D51F9D391000C8A5BD /* CompletadaController.swift */,
				AFD655D41F9D391000C8A5BD /* PerfilController.swift */,
				AFD655D21F9D390F00C8A5BD /* SolicitudesTableController.swift */,
				B58F1E5D1E635D2B008F07AC /* LoginController.swift */,
				B5054D761E66051500FEEDE4 /* SolPendController.swift */,
				B50482A01E6883B100D5236C /* InicioController.swift */,
				C63A6FB0227F675A0095AF3C /* ApiRequestController.swift */,
				C643639F22EBC44E0006F235 /* OfertasController.swift */,
				C6253C15230B9CBE0010F6A3 /* BaseController.swift */,
			);
			name = Controllers;
			sourceTree = "<group>";
		};
		C65F9F28229BA0ED00E3E304 /* Solicitud Form */ = {
			isa = PBXGroup;
			children = (
				C65F9F29229BA44900E3E304 /* OrigenCell.xib */,
				C65F9F2B229BA46F00E3E304 /* OrigenViewCell.swift */,
				C6C02E782501A2760090D058 /* DestinoCell.xib */,
				C6C02E772501A2740090D058 /* DestinoCell.swift */,
				C65F9F2F229E384200E3E304 /* VoucherCell.xib */,
				C65F9F31229E39CE00E3E304 /* VoucherViewCell.swift */,
				C65F9F33229E3BA900E3E304 /* ContactoCell.xib */,
				C65F9F35229E3C4F00E3E304 /* ContactoViewCell.swift */,
				C6D04CFE2398CD1900ACD70C /* OfertaDataCell.xib */,
				C6D04D002398CD2E00ACD70C /* OfertaDataViewCell.swift */,
				C6A50BEB24DF153200188ACD /* TipoVehiculoCell.xib */,
				C6A50BED24DF15D700188ACD /* TipoVehiculoCell.swift */,
			);
			path = "Solicitud Form";
			sourceTree = "<group>";
		};
		C65F9F3922A0E65900E3E304 /* Models */ = {
			isa = PBXGroup;
			children = (
				C6A50BEF24E04CB200188ACD /* Enums */,
				C63D220721D56150007378D7 /* CSocket.swift */,
				B5EDE1331D6517B20014130F /* CConexionInternet.swift */,
				AFD656261F9D42DD00C8A5BD /* CCliente.swift */,
				AFD656321F9D42E000C8A5BD /* CConductor.swift */,
				AFD656211F9D42DC00C8A5BD /* CEvaluacion.swift */,
				AFD656221F9D42DC00C8A5BD /* CRuta.swift */,
				AFD656201F9D42DC00C8A5BD /* CSMSVoz.swift */,
				C6F27B07238F2C5400679E07 /* SolicitudOld.swift */,
				AFD6562F1F9D42DF00C8A5BD /* Solicitud.swift */,
				AFD6562B1F9D42DE00C8A5BD /* CTaxi.swift */,
				AFD656271F9D42DD00C8A5BD /* CTelefono.swift */,
				C6915F20228500420048C00C /* SMSVoz.swift */,
				C6CACFAC22D26A9300702430 /* Oferta.swift */,
				C60C16552302736B0090F4E0 /* OurDate.swift */,
			);
			path = Models;
			sourceTree = "<group>";
		};
		C68DA295227E0C8F0029CD0B /* Constants */ = {
			isa = PBXGroup;
			children = (
				C68DA29B227E39BE0029CD0B /* GlobalVariables.swift */,
				C68DA29D227E39F20029CD0B /* Customization.swift */,
				C68DA29F227E3A240029CD0B /* GlobalConstants.swift */,
			);
			path = Constants;
			sourceTree = "<group>";
		};
		C68DA296227E12A50029CD0B /* Extensions */ = {
			isa = PBXGroup;
			children = (
				C68DA297227E12D40029CD0B /* MKMapView.swift */,
				C68DA299227E13030029CD0B /* UITextfield.swift */,
				C6384BE922A43A46000EB156 /* UIToolbar.swift */,
				C6CACFB122D2BE4900702430 /* UIView.swift */,
				C60C16572302760B0090F4E0 /* UIButton.swift */,
				C6AD7B6A23A53B9F009A48E1 /* UITextView.swift */,
				C6F580E623AB412D002D69E5 /* UIImage.swift */,
			);
			path = Extensions;
			sourceTree = "<group>";
		};
		C6A50BEF24E04CB200188ACD /* Enums */ = {
			isa = PBXGroup;
			children = (
				C6A50BF024E04CC600188ACD /* TipoVehiculo.swift */,
			);
			path = Enums;
			sourceTree = "<group>";
		};
		C6AFBD0F22186D6400CC060A /* Extensions */ = {
			isa = PBXGroup;
			children = (
				C6AFBD1022186DC100CC060A /* InicioControllerExt.swift */,
				C65F9F37229E42AD00E3E304 /* InicioControllerTablesExt.swift */,
				C63A6FA8227F60D50095AF3C /* InicioControllerSocketExt.swift */,
				C63A6FAA227F62660095AF3C /* LoginControllerExt.swift */,
				C63A6FAC227F63160095AF3C /* LoginControllerSocketExt.swift */,
				C63A6FAE227F65A00095AF3C /* PerfilControllerExt.swift */,
				C64363A122EBC4A50006F235 /* OfertasControllerExt.swift */,
				C6253C17230E35940010F6A3 /* SolPendSocketExt.swift */,
			);
			name = Extensions;
			sourceTree = "<group>";
		};
		C6BF0A4524F52EBE0035C34E /* Utils */ = {
			isa = PBXGroup;
			children = (
				C6BF0A4624F52ED60035C34E /* Responsive.swift */,
			);
			path = Utils;
			sourceTree = "<group>";
		};
		C6CACFAE22D2BD2F00702430 /* Oferta Table */ = {
			isa = PBXGroup;
			children = (
				C6CACFAF22D2BD5000702430 /* OfertaViewCell.xib */,
				C6CACFB322D2BE7300702430 /* OfertaViewCell.swift */,
			);
			path = "Oferta Table";
			sourceTree = "<group>";
		};
		DA53F09E53843FFE9BFE048B /* Pods */ = {
			isa = PBXGroup;
			children = (
				ADFD9F19323BA6C3BA03B287 /* Pods-MovilClub.debug.xcconfig */,
				C51562969F93063CD44CC601 /* Pods-MovilClub.release.xcconfig */,
				74907667BE3274AB103F7F07 /* Pods-SamboCar.debug.xcconfig */,
				8E60231B1F7FE19A796CF5BA /* Pods-SamboCar.release.xcconfig */,
				4BA10FB1497A3EBA1B789C4F /* Pods-Conaitor.debug.xcconfig */,
				3356CC36AF250B0642E5CE4A /* Pods-Conaitor.release.xcconfig */,
				B84DA43525F66A34078491E1 /* Pods-Xiwao.debug.xcconfig */,
				5AFC4C55043846269B6C60CF /* Pods-Xiwao.release.xcconfig */,
			);
			path = Pods;
			sourceTree = "<group>";
		};
/* End PBXGroup section */

/* Begin PBXNativeTarget section */
		84F571421BCE958200FC18D5 /* Xiwao */ = {
			isa = PBXNativeTarget;
			buildConfigurationList = 84F5716B1BCE958200FC18D5 /* Build configuration list for PBXNativeTarget "Xiwao" */;
			buildPhases = (
				C5C30425544E29BFD217055A /* [CP] Check Pods Manifest.lock */,
				C68ED7BF2298B8BD00E2F8AC /* Run Script */,
				84F5713F1BCE958200FC18D5 /* Sources */,
				84F571401BCE958200FC18D5 /* Frameworks */,
				84F571411BCE958200FC18D5 /* Resources */,
				FB70014521068CA649096A7D /* [CP] Embed Pods Frameworks */,
				56B428EEB6BE639F66AF0F96 /* [CP] Copy Pods Resources */,
			);
			buildRules = (
			);
			dependencies = (
			);
			name = Xiwao;
			productName = Xtaxi;
			productReference = 84F571431BCE958200FC18D5 /* Xiwao.app */;
			productType = "com.apple.product-type.application";
		};
/* End PBXNativeTarget section */

/* Begin PBXProject section */
		84F5713B1BCE958200FC18D5 /* Project object */ = {
			isa = PBXProject;
			attributes = {
				LastUpgradeCheck = 1010;
				ORGANIZATIONNAME = "Done Santana";
				TargetAttributes = {
					84F571421BCE958200FC18D5 = {
						CreatedOnToolsVersion = 7.0.1;
						DevelopmentTeam = 48G34LX7UB;
						LastSwiftMigration = 1020;
						ProvisioningStyle = Automatic;
						SystemCapabilities = {
							com.apple.BackgroundModes = {
								enabled = 1;
							};
							com.apple.GameCenter = {
								enabled = 0;
							};
							com.apple.Maps.iOS = {
								enabled = 0;
							};
							com.apple.Push = {
								enabled = 0;
							};
						};
					};
				};
			};
			buildConfigurationList = 84F5713E1BCE958200FC18D5 /* Build configuration list for PBXProject "Xiwao" */;
			compatibilityVersion = "Xcode 3.2";
			developmentRegion = English;
			hasScannedForEncodings = 0;
			knownRegions = (
				English,
				en,
				Base,
			);
			mainGroup = 84F5713A1BCE958200FC18D5;
			productRefGroup = 84F571441BCE958200FC18D5 /* Products */;
			projectDirPath = "";
			projectRoot = "";
			targets = (
				84F571421BCE958200FC18D5 /* Xiwao */,
			);
		};
/* End PBXProject section */

/* Begin PBXResourcesBuildPhase section */
		84F571411BCE958200FC18D5 /* Resources */ = {
			isa = PBXResourcesBuildPhase;
			buildActionMask = 2147483647;
			files = (
				C6D04CFF2398CD1900ACD70C /* OfertaDataCell.xib in Resources */,
				C6F0BB1923B7049E00266396 /* SolPendientesCell.xib in Resources */,
				AFD6564A1F9D42E100C8A5BD /* claxon.mp3 in Resources */,
				AFD656721FA17CD100C8A5BD /* ds_digital in Resources */,
				AF3D9E191FA51A190019432B /* PerfilViewCell.xib in Resources */,
				C6C02E7A2501A2760090D058 /* DestinoCell.xib in Resources */,
				C65F9F30229E384200E3E304 /* VoucherCell.xib in Resources */,
				AFE16C231FAEB13F00AEDC73 /* xoalogo1.png in Resources */,
				8462408F1BEABBB800F272D5 /* Entitlements.plist in Resources */,
				84F28A281CC13CC400529F53 /* Images-5.xcassets in Resources */,
				C65F9F34229E3BA900E3E304 /* ContactoCell.xib in Resources */,
				C65F9F2A229BA44900E3E304 /* OrigenCell.xib in Resources */,
				AF3D9E131FA510E80019432B /* CLARO.png in Resources */,
				C6A50BEC24DF153200188ACD /* TipoVehiculoCell.xib in Resources */,
				AF3D9E0F1FA504CB0019432B /* CallCenterViewCell.xib in Resources */,
				C6CACFB022D2BD5000702430 /* OfertaViewCell.xib in Resources */,
				AF3D9E151FA510E80019432B /* CNT.png in Resources */,
				AFD656471F9D42E100C8A5BD /* beep.wav in Resources */,
				B5F753E51D5D045500FFDFD0 /* Main.storyboard in Resources */,
				AF3D9E1D1FA51D910019432B /* Perfil2ViewCell.xib in Resources */,
				C6D67957228BAFFC00C74B6E /* Launch Screen.storyboard in Resources */,
				AF3D9E141FA510E80019432B /* MOVISTAR.png in Resources */,
				AF3D9E211FA61F580019432B /* Perfil3ViewCell.xib in Resources */,
			);
			runOnlyForDeploymentPostprocessing = 0;
		};
/* End PBXResourcesBuildPhase section */

/* Begin PBXShellScriptBuildPhase section */
		56B428EEB6BE639F66AF0F96 /* [CP] Copy Pods Resources */ = {
			isa = PBXShellScriptBuildPhase;
			buildActionMask = 2147483647;
			files = (
			);
			inputPaths = (
				"${PODS_ROOT}/Target Support Files/Pods-Xiwao/Pods-Xiwao-resources.sh",
				"${PODS_ROOT}/GooglePlaces/Frameworks/GooglePlaces.framework/Resources/GooglePlaces.bundle",
			);
			name = "[CP] Copy Pods Resources";
			outputPaths = (
				"${TARGET_BUILD_DIR}/${UNLOCALIZED_RESOURCES_FOLDER_PATH}/GooglePlaces.bundle",
			);
			runOnlyForDeploymentPostprocessing = 0;
			shellPath = /bin/sh;
			shellScript = "\"${PODS_ROOT}/Target Support Files/Pods-Xiwao/Pods-Xiwao-resources.sh\"\n";
			showEnvVarsInLog = 0;
		};
		C5C30425544E29BFD217055A /* [CP] Check Pods Manifest.lock */ = {
			isa = PBXShellScriptBuildPhase;
			buildActionMask = 2147483647;
			files = (
			);
			inputPaths = (
				"${PODS_PODFILE_DIR_PATH}/Podfile.lock",
				"${PODS_ROOT}/Manifest.lock",
			);
			name = "[CP] Check Pods Manifest.lock";
			outputPaths = (
				"$(DERIVED_FILE_DIR)/Pods-Xiwao-checkManifestLockResult.txt",
			);
			runOnlyForDeploymentPostprocessing = 0;
			shellPath = /bin/sh;
			shellScript = "diff \"${PODS_PODFILE_DIR_PATH}/Podfile.lock\" \"${PODS_ROOT}/Manifest.lock\" > /dev/null\nif [ $? != 0 ] ; then\n    # print error to STDERR\n    echo \"error: The sandbox is not in sync with the Podfile.lock. Run 'pod install' or update your CocoaPods installation.\" >&2\n    exit 1\nfi\n# This output is used by Xcode 'outputs' to avoid re-running this script phase.\necho \"SUCCESS\" > \"${SCRIPT_OUTPUT_FILE_0}\"\n";
			showEnvVarsInLog = 0;
		};
		C68ED7BF2298B8BD00E2F8AC /* Run Script */ = {
			isa = PBXShellScriptBuildPhase;
			buildActionMask = 2147483647;
			files = (
			);
			inputFileListPaths = (
			);
			inputPaths = (
				"$TEMP_DIR/rswift-lastrun",
			);
			name = "Run Script";
			outputFileListPaths = (
			);
			outputPaths = (
				$SRCROOT/R.generated.swift,
			);
			runOnlyForDeploymentPostprocessing = 0;
			shellPath = /bin/sh;
			shellScript = "# Type a script or drag a script file from your workspace to insert its path.\n\"$PODS_ROOT/R.swift/rswift\" generate \"$SRCROOT/R.generated.swift\"\n";
		};
		FB70014521068CA649096A7D /* [CP] Embed Pods Frameworks */ = {
			isa = PBXShellScriptBuildPhase;
			buildActionMask = 2147483647;
			files = (
			);
			inputPaths = (
				"${PODS_ROOT}/Target Support Files/Pods-Xiwao/Pods-Xiwao-frameworks.sh",
				"${BUILT_PRODUCTS_DIR}/AFNetworking/AFNetworking.framework",
				"${BUILT_PRODUCTS_DIR}/Canvas/Canvas.framework",
				"${BUILT_PRODUCTS_DIR}/GoogleUtilities/GoogleUtilities.framework",
				"${BUILT_PRODUCTS_DIR}/MDFInternationalization/MDFInternationalization.framework",
				"${BUILT_PRODUCTS_DIR}/MDFTextAccessibility/MDFTextAccessibility.framework",
				"${BUILT_PRODUCTS_DIR}/MaterialComponents/MaterialComponents.framework",
				"${BUILT_PRODUCTS_DIR}/PromisesObjC/FBLPromises.framework",
				"${BUILT_PRODUCTS_DIR}/R.swift.Library/Rswift.framework",
				"${BUILT_PRODUCTS_DIR}/Socket.IO-Client-Swift/SocketIO.framework",
				"${BUILT_PRODUCTS_DIR}/Starscream/Starscream.framework",
				"${BUILT_PRODUCTS_DIR}/SwiftyJSON/SwiftyJSON.framework",
				"${BUILT_PRODUCTS_DIR}/TextFieldEffects/TextFieldEffects.framework",
				"${BUILT_PRODUCTS_DIR}/nanopb/nanopb.framework",
			);
			name = "[CP] Embed Pods Frameworks";
			outputPaths = (
				"${TARGET_BUILD_DIR}/${FRAMEWORKS_FOLDER_PATH}/AFNetworking.framework",
				"${TARGET_BUILD_DIR}/${FRAMEWORKS_FOLDER_PATH}/Canvas.framework",
				"${TARGET_BUILD_DIR}/${FRAMEWORKS_FOLDER_PATH}/GoogleUtilities.framework",
				"${TARGET_BUILD_DIR}/${FRAMEWORKS_FOLDER_PATH}/MDFInternationalization.framework",
				"${TARGET_BUILD_DIR}/${FRAMEWORKS_FOLDER_PATH}/MDFTextAccessibility.framework",
				"${TARGET_BUILD_DIR}/${FRAMEWORKS_FOLDER_PATH}/MaterialComponents.framework",
				"${TARGET_BUILD_DIR}/${FRAMEWORKS_FOLDER_PATH}/FBLPromises.framework",
				"${TARGET_BUILD_DIR}/${FRAMEWORKS_FOLDER_PATH}/Rswift.framework",
				"${TARGET_BUILD_DIR}/${FRAMEWORKS_FOLDER_PATH}/SocketIO.framework",
				"${TARGET_BUILD_DIR}/${FRAMEWORKS_FOLDER_PATH}/Starscream.framework",
				"${TARGET_BUILD_DIR}/${FRAMEWORKS_FOLDER_PATH}/SwiftyJSON.framework",
				"${TARGET_BUILD_DIR}/${FRAMEWORKS_FOLDER_PATH}/TextFieldEffects.framework",
				"${TARGET_BUILD_DIR}/${FRAMEWORKS_FOLDER_PATH}/nanopb.framework",
			);
			runOnlyForDeploymentPostprocessing = 0;
			shellPath = /bin/sh;
			shellScript = "\"${PODS_ROOT}/Target Support Files/Pods-Xiwao/Pods-Xiwao-frameworks.sh\"\n";
			showEnvVarsInLog = 0;
		};
/* End PBXShellScriptBuildPhase section */

/* Begin PBXSourcesBuildPhase section */
		84F5713F1BCE958200FC18D5 /* Sources */ = {
			isa = PBXSourcesBuildPhase;
			buildActionMask = 2147483647;
			files = (
				AFD656461F9D42E100C8A5BD /* AppDelegate.swift in Sources */,
				C6F580E723AB412D002D69E5 /* UIImage.swift in Sources */,
				B50482A11E6883B100D5236C /* InicioController.swift in Sources */,
				C6AFBD1122186DC100CC060A /* InicioControllerExt.swift in Sources */,
				C65F9F36229E3C4F00E3E304 /* ContactoViewCell.swift in Sources */,
				C6BF0A4724F52ED60035C34E /* Responsive.swift in Sources */,
				C6C02E792501A2760090D058 /* DestinoCell.swift in Sources */,
				C60C16582302760B0090F4E0 /* UIButton.swift in Sources */,
				C6F0BB1B23B7053800266396 /* SolPendientesViewCell.swift in Sources */,
				AFD6563F1F9D42E100C8A5BD /* CRuta.swift in Sources */,
				C6253C16230B9CBE0010F6A3 /* BaseController.swift in Sources */,
				C63A6FB1227F675A0095AF3C /* ApiRequestController.swift in Sources */,
				C63A6FAD227F63160095AF3C /* LoginControllerSocketExt.swift in Sources */,
				AFD6563D1F9D42E100C8A5BD /* CSMSVoz.swift in Sources */,
				C68DA29A227E13030029CD0B /* UITextfield.swift in Sources */,
				C63A6FAB227F62660095AF3C /* LoginControllerExt.swift in Sources */,
				C64363A222EBC4A50006F235 /* OfertasControllerExt.swift in Sources */,
				C68ED7C12298B94400E2F8AC /* R.generated.swift in Sources */,
				AFD6564C1F9D42E100C8A5BD /* Solicitud.swift in Sources */,
				C68DA29E227E39F20029CD0B /* Customization.swift in Sources */,
				C6D04D012398CD2E00ACD70C /* OfertaDataViewCell.swift in Sources */,
				AFD655D71F9D391000C8A5BD /* SolicitudesTableController.swift in Sources */,
				AFD656441F9D42E100C8A5BD /* CTelefono.swift in Sources */,
				AF3D9E1C1FA51D910019432B /* Perfil2ViewCell.swift in Sources */,
				B5054D771E66051500FEEDE4 /* SolPendController.swift in Sources */,
				C6F27B08238F2C5400679E07 /* SolicitudOld.swift in Sources */,
				AF3D9E201FA61F580019432B /* Perfil3ViewCell.swift in Sources */,
				C68DA29C227E39BE0029CD0B /* GlobalVariables.swift in Sources */,
				C65F9F2C229BA46F00E3E304 /* OrigenViewCell.swift in Sources */,
				AFD656481F9D42E100C8A5BD /* CTaxi.swift in Sources */,
				C68DA2A0227E3A240029CD0B /* GlobalConstants.swift in Sources */,
				AFD656431F9D42E100C8A5BD /* CCliente.swift in Sources */,
				AFD6566E1FA1777500C8A5BD /* SolViewCell.swift in Sources */,
				C6CACFB422D2BE7300702430 /* OfertaViewCell.swift in Sources */,
				C64363A022EBC44E0006F235 /* OfertasController.swift in Sources */,
				C6AD7B6B23A53B9F009A48E1 /* UITextView.swift in Sources */,
				B58F1E5E1E635D2B008F07AC /* LoginController.swift in Sources */,
				C63D220821D56150007378D7 /* CSocket.swift in Sources */,
				C63A6FA9227F60D50095AF3C /* InicioControllerSocketExt.swift in Sources */,
				C6A50BEE24DF15D700188ACD /* TipoVehiculoCell.swift in Sources */,
				AFD655D91F9D391000C8A5BD /* PerfilController.swift in Sources */,
				C60C16562302736B0090F4E0 /* OurDate.swift in Sources */,
				C65F9F272299B72D00E3E304 /* MenuCollectionViewCell.swift in Sources */,
				C6CACFB222D2BE4900702430 /* UIView.swift in Sources */,
				AFD6566F1FA1777500C8A5BD /* CallCenterViewCell.swift in Sources */,
				C65F9F38229E42AD00E3E304 /* InicioControllerTablesExt.swift in Sources */,
				C6A50BF124E04CC600188ACD /* TipoVehiculo.swift in Sources */,
				AFD655DA1F9D391000C8A5BD /* CompletadaController.swift in Sources */,
				C6CACFAD22D26A9300702430 /* Oferta.swift in Sources */,
				C65F9F32229E39CE00E3E304 /* VoucherViewCell.swift in Sources */,
				AFD6564F1F9D42E100C8A5BD /* CConductor.swift in Sources */,
				B5EDE1341D6517B20014130F /* CConexionInternet.swift in Sources */,
				AFD655D61F9D391000C8A5BD /* CallCenterController.swift in Sources */,
				C6384BEA22A43A46000EB156 /* UIToolbar.swift in Sources */,
				C6915F21228500420048C00C /* SMSVoz.swift in Sources */,
				AFD6563E1F9D42E100C8A5BD /* CEvaluacion.swift in Sources */,
				C6253C18230E35940010F6A3 /* SolPendSocketExt.swift in Sources */,
				C68DA298227E12D40029CD0B /* MKMapView.swift in Sources */,
				C63A6FAF227F65A00095AF3C /* PerfilControllerExt.swift in Sources */,
				AF3D9E181FA51A190019432B /* PerfilViewCell.swift in Sources */,
			);
			runOnlyForDeploymentPostprocessing = 0;
		};
/* End PBXSourcesBuildPhase section */

/* Begin PBXVariantGroup section */
		B5F753E31D5D045500FFDFD0 /* Main.storyboard */ = {
			isa = PBXVariantGroup;
			children = (
				B5F753E41D5D045500FFDFD0 /* Base */,
			);
			name = Main.storyboard;
			sourceTree = "<group>";
		};
/* End PBXVariantGroup section */

/* Begin XCBuildConfiguration section */
		84F571691BCE958200FC18D5 /* Debug */ = {
			isa = XCBuildConfiguration;
			buildSettings = {
				ALWAYS_EMBED_SWIFT_STANDARD_LIBRARIES = YES;
				ALWAYS_SEARCH_USER_PATHS = NO;
				CLANG_CXX_LANGUAGE_STANDARD = "gnu++0x";
				CLANG_CXX_LIBRARY = "libc++";
				CLANG_ENABLE_MODULES = YES;
				CLANG_ENABLE_OBJC_ARC = YES;
				CLANG_WARN_BLOCK_CAPTURE_AUTORELEASING = YES;
				CLANG_WARN_BOOL_CONVERSION = YES;
				CLANG_WARN_COMMA = YES;
				CLANG_WARN_CONSTANT_CONVERSION = YES;
				CLANG_WARN_DEPRECATED_OBJC_IMPLEMENTATIONS = YES;
				CLANG_WARN_DIRECT_OBJC_ISA_USAGE = YES_ERROR;
				CLANG_WARN_EMPTY_BODY = YES;
				CLANG_WARN_ENUM_CONVERSION = YES;
				CLANG_WARN_INFINITE_RECURSION = YES;
				CLANG_WARN_INT_CONVERSION = YES;
				CLANG_WARN_NON_LITERAL_NULL_CONVERSION = YES;
				CLANG_WARN_OBJC_IMPLICIT_RETAIN_SELF = YES;
				CLANG_WARN_OBJC_LITERAL_CONVERSION = YES;
				CLANG_WARN_OBJC_ROOT_CLASS = YES_ERROR;
				CLANG_WARN_RANGE_LOOP_ANALYSIS = YES;
				CLANG_WARN_STRICT_PROTOTYPES = YES;
				CLANG_WARN_SUSPICIOUS_MOVE = YES;
				CLANG_WARN_UNREACHABLE_CODE = YES;
				CLANG_WARN__DUPLICATE_METHOD_MATCH = YES;
				CODE_SIGN_IDENTITY = "iPhone Developer";
				"CODE_SIGN_IDENTITY[sdk=iphoneos*]" = "iPhone Developer";
				COPY_PHASE_STRIP = NO;
				DEBUG_INFORMATION_FORMAT = dwarf;
				ENABLE_BITCODE = YES;
				ENABLE_STRICT_OBJC_MSGSEND = YES;
				ENABLE_TESTABILITY = YES;
				GCC_C_LANGUAGE_STANDARD = gnu99;
				GCC_DYNAMIC_NO_PIC = NO;
				GCC_NO_COMMON_BLOCKS = YES;
				GCC_OPTIMIZATION_LEVEL = 0;
				GCC_PREPROCESSOR_DEFINITIONS = (
					"DEBUG=1",
					"$(inherited)",
				);
				GCC_WARN_64_TO_32_BIT_CONVERSION = YES;
				GCC_WARN_ABOUT_RETURN_TYPE = YES_ERROR;
				GCC_WARN_UNDECLARED_SELECTOR = YES;
				GCC_WARN_UNINITIALIZED_AUTOS = YES_AGGRESSIVE;
				GCC_WARN_UNUSED_FUNCTION = YES;
				GCC_WARN_UNUSED_VARIABLE = YES;
				IPHONEOS_DEPLOYMENT_TARGET = 9.0;
				LD_RUNPATH_SEARCH_PATHS = "";
				MTL_ENABLE_DEBUG_INFO = YES;
				ONLY_ACTIVE_ARCH = YES;
				PROVISIONING_PROFILE = "";
				SDKROOT = iphoneos;
				SWIFT_OPTIMIZATION_LEVEL = "-Onone";
				SWIFT_VERSION = 4.0;
			};
			name = Debug;
		};
		84F5716A1BCE958200FC18D5 /* Release */ = {
			isa = XCBuildConfiguration;
			buildSettings = {
				ALWAYS_EMBED_SWIFT_STANDARD_LIBRARIES = YES;
				ALWAYS_SEARCH_USER_PATHS = NO;
				CLANG_CXX_LANGUAGE_STANDARD = "gnu++0x";
				CLANG_CXX_LIBRARY = "libc++";
				CLANG_ENABLE_MODULES = YES;
				CLANG_ENABLE_OBJC_ARC = YES;
				CLANG_WARN_BLOCK_CAPTURE_AUTORELEASING = YES;
				CLANG_WARN_BOOL_CONVERSION = YES;
				CLANG_WARN_COMMA = YES;
				CLANG_WARN_CONSTANT_CONVERSION = YES;
				CLANG_WARN_DEPRECATED_OBJC_IMPLEMENTATIONS = YES;
				CLANG_WARN_DIRECT_OBJC_ISA_USAGE = YES_ERROR;
				CLANG_WARN_EMPTY_BODY = YES;
				CLANG_WARN_ENUM_CONVERSION = YES;
				CLANG_WARN_INFINITE_RECURSION = YES;
				CLANG_WARN_INT_CONVERSION = YES;
				CLANG_WARN_NON_LITERAL_NULL_CONVERSION = YES;
				CLANG_WARN_OBJC_IMPLICIT_RETAIN_SELF = YES;
				CLANG_WARN_OBJC_LITERAL_CONVERSION = YES;
				CLANG_WARN_OBJC_ROOT_CLASS = YES_ERROR;
				CLANG_WARN_RANGE_LOOP_ANALYSIS = YES;
				CLANG_WARN_STRICT_PROTOTYPES = YES;
				CLANG_WARN_SUSPICIOUS_MOVE = YES;
				CLANG_WARN_UNREACHABLE_CODE = YES;
				CLANG_WARN__DUPLICATE_METHOD_MATCH = YES;
				CODE_SIGN_IDENTITY = "iPhone Distribution";
				"CODE_SIGN_IDENTITY[sdk=iphoneos*]" = "iPhone Distribution";
				COPY_PHASE_STRIP = NO;
				DEBUG_INFORMATION_FORMAT = "dwarf-with-dsym";
				ENABLE_BITCODE = YES;
				ENABLE_NS_ASSERTIONS = NO;
				ENABLE_STRICT_OBJC_MSGSEND = YES;
				GCC_C_LANGUAGE_STANDARD = gnu99;
				GCC_NO_COMMON_BLOCKS = YES;
				GCC_WARN_64_TO_32_BIT_CONVERSION = YES;
				GCC_WARN_ABOUT_RETURN_TYPE = YES_ERROR;
				GCC_WARN_UNDECLARED_SELECTOR = YES;
				GCC_WARN_UNINITIALIZED_AUTOS = YES_AGGRESSIVE;
				GCC_WARN_UNUSED_FUNCTION = YES;
				GCC_WARN_UNUSED_VARIABLE = YES;
				IPHONEOS_DEPLOYMENT_TARGET = 9.0;
				LD_RUNPATH_SEARCH_PATHS = "";
				MTL_ENABLE_DEBUG_INFO = NO;
				ONLY_ACTIVE_ARCH = NO;
				PROVISIONING_PROFILE = "";
				SDKROOT = iphoneos;
				SWIFT_OPTIMIZATION_LEVEL = "-Owholemodule";
				SWIFT_VERSION = 4.0;
				VALIDATE_PRODUCT = YES;
			};
			name = Release;
		};
		84F5716C1BCE958200FC18D5 /* Debug */ = {
			isa = XCBuildConfiguration;
			baseConfigurationReference = B84DA43525F66A34078491E1 /* Pods-Xiwao.debug.xcconfig */;
			buildSettings = {
				ASSETCATALOG_COMPILER_APPICON_NAME = AppIcon;
				CODE_SIGN_ENTITLEMENTS = "";
				CODE_SIGN_IDENTITY = "iPhone Developer";
				"CODE_SIGN_IDENTITY[sdk=*]" = "iPhone Developer";
				"CODE_SIGN_IDENTITY[sdk=iphoneos*]" = "iPhone Developer";
				CURRENT_PROJECT_VERSION = 1;
				DEVELOPMENT_TEAM = 48G34LX7UB;
				ENABLE_BITCODE = NO;
				ENABLE_TESTABILITY = YES;
				FRAMEWORK_SEARCH_PATHS = (
					"$(inherited)",
					"$(PROJECT_DIR)/Pods/GoogleMaps/Frameworks",
					"$(PROJECT_DIR)/build/Debug-iphoneos/TSVoiceConverter",
					"$(PROJECT_DIR)/build/Debug-iphoneos/Canvas",
					"$(PROJECT_DIR)/build/Debug-iphoneos/Socket.IO-Client-Swift",
					"$(PROJECT_DIR)/build/Release-iphoneos/Socket.IO-Client-Swift",
					"$(PROJECT_DIR)/build/Debug-iphoneos",
					"$(PROJECT_DIR)/build/Release-iphoneos/Canvas",
				);
				IBSC_COMPILER_AUTO_ACTIVATE_CUSTOM_FONTS = YES;
				INFOPLIST_FILE = "$(SRCROOT)/Xiwao/Info.plist";
				IPHONEOS_DEPLOYMENT_TARGET = 10.0;
				LD_RUNPATH_SEARCH_PATHS = "$(inherited) @executable_path/Frameworks";
				MARKETING_VERSION = 1.0;
				ONLY_ACTIVE_ARCH = YES;
				PRODUCT_BUNDLE_IDENTIFIER = com.donelkys.xiwao;
				PRODUCT_NAME = Xiwao;
				PROVISIONING_PROFILE = "";
				PROVISIONING_PROFILE_SPECIFIER = "";
				SWIFT_VERSION = 5.0;
				TARGETED_DEVICE_FAMILY = 1;
			};
			name = Debug;
		};
		84F5716D1BCE958200FC18D5 /* Release */ = {
			isa = XCBuildConfiguration;
			baseConfigurationReference = 5AFC4C55043846269B6C60CF /* Pods-Xiwao.release.xcconfig */;
			buildSettings = {
				ASSETCATALOG_COMPILER_APPICON_NAME = AppIcon;
				CODE_SIGN_ENTITLEMENTS = "";
				CODE_SIGN_IDENTITY = "iPhone Distribution";
				"CODE_SIGN_IDENTITY[sdk=iphoneos*]" = "iPhone Developer";
				CURRENT_PROJECT_VERSION = 1;
				DEVELOPMENT_TEAM = 48G34LX7UB;
				ENABLE_BITCODE = NO;
				ENABLE_TESTABILITY = NO;
				FRAMEWORK_SEARCH_PATHS = (
					"$(inherited)",
					"$(PROJECT_DIR)/Pods/GoogleMaps/Frameworks",
					"$(PROJECT_DIR)/build/Debug-iphoneos/TSVoiceConverter",
					"$(PROJECT_DIR)/build/Debug-iphoneos/Canvas",
					"$(PROJECT_DIR)/build/Debug-iphoneos/Socket.IO-Client-Swift",
					"$(PROJECT_DIR)/build/Release-iphoneos/Socket.IO-Client-Swift",
					"$(PROJECT_DIR)/build/Debug-iphoneos",
					"$(PROJECT_DIR)/build/Release-iphoneos/Canvas",
				);
				IBSC_COMPILER_AUTO_ACTIVATE_CUSTOM_FONTS = YES;
				INFOPLIST_FILE = "$(SRCROOT)/Xiwao/Info.plist";
				IPHONEOS_DEPLOYMENT_TARGET = 10.0;
				LD_RUNPATH_SEARCH_PATHS = "$(inherited) @executable_path/Frameworks";
				MARKETING_VERSION = 1.0;
				ONLY_ACTIVE_ARCH = YES;
				PRODUCT_BUNDLE_IDENTIFIER = com.donelkys.xiwao;
				PRODUCT_NAME = Xiwao;
				PROVISIONING_PROFILE = "";
				PROVISIONING_PROFILE_SPECIFIER = "";
				SWIFT_VERSION = 5.0;
				TARGETED_DEVICE_FAMILY = 1;
			};
			name = Release;
		};
/* End XCBuildConfiguration section */

/* Begin XCConfigurationList section */
		84F5713E1BCE958200FC18D5 /* Build configuration list for PBXProject "Xiwao" */ = {
			isa = XCConfigurationList;
			buildConfigurations = (
				84F571691BCE958200FC18D5 /* Debug */,
				84F5716A1BCE958200FC18D5 /* Release */,
			);
			defaultConfigurationIsVisible = 0;
			defaultConfigurationName = Release;
		};
		84F5716B1BCE958200FC18D5 /* Build configuration list for PBXNativeTarget "Xiwao" */ = {
			isa = XCConfigurationList;
			buildConfigurations = (
				84F5716C1BCE958200FC18D5 /* Debug */,
				84F5716D1BCE958200FC18D5 /* Release */,
			);
			defaultConfigurationIsVisible = 0;
			defaultConfigurationName = Release;
		};
/* End XCConfigurationList section */
	};
	rootObject = 84F5713B1BCE958200FC18D5 /* Project object */;
}
